<?xml version="1.0" encoding="utf-8"?>
<Project ToolsVersion="16.0" xmlns="http://schemas.microsoft.com/developer/msbuild/2003">
  <ItemGroup>
    <ClCompile Include="C:\Users\Andy\Documents\PlaydateSDK\C_API\Examples\Test\src\main.c">
      <Filter>Source Files</Filter>
    </ClCompile>
  </ItemGroup>
  <ItemGroup>
    <CustomBuild Include="C:\Users\Andy\Documents\PlaydateSDK\C_API\Examples\Test\CMakeLists.txt" />
  </ItemGroup>
  <ItemGroup>
    <Filter Include="Source Files">
      <UniqueIdentifier>{8C161983-E5ED-378D-86F7-B048846B80E9}</UniqueIdentifier>
    </Filter>
    <Filter Include="Resources">
      <UniqueIdentifier>{51baeee5-cb5c-40d7-aa18-ad00ebd5019a}</UniqueIdentifier>
    </Filter>
  </ItemGroup>
  <ItemGroup>
    <Image Include="..\Source\images\floor.png">
      <Filter>Resources</Filter>
    </Image>
  </ItemGroup>
</Project>